
Microsoft Visual Studio Solution File, Format Version 12.00
# Visual Studio Version 17
VisualStudioVersion = 17.8.34525.116
MinimumVisualStudioVersion = 10.0.40219.1
Project("{FAE04EC0-301F-11D3-BF4B-00C04F79EFBC}") = "TDD2", "TDD2\TDD2.csproj", "{A05CB7AC-2327-4D91-AC35-171434738C84}"
EndProject
Global
	GlobalSection(SolutionConfigurationPlatforms) = preSolution
		Debug|Any CPU = Debug|Any CPU
		Release|Any CPU = Release|Any CPU
	EndGlobalSection
	GlobalSection(ProjectConfigurationPlatforms) = postSolution
		{A05CB7AC-2327-4D91-AC35-171434738C84}.Debug|Any CPU.ActiveCfg = Debug|Any CPU
		{A05CB7AC-2327-4D91-AC35-171434738C84}.Debug|Any CPU.Build.0 = Debug|Any CPU
		{A05CB7AC-2327-4D91-AC35-171434738C84}.Release|Any CPU.ActiveCfg = Release|Any CPU
		{A05CB7AC-2327-4D91-AC35-171434738C84}.Release|Any CPU.Build.0 = Release|Any CPU
	EndGlobalSection
	GlobalSection(SolutionProperties) = preSolution
		HideSolutionNode = FALSE
	EndGlobalSection
	GlobalSection(ExtensibilityGlobals) = postSolution
		SolutionGuid = {077F272A-B45D-4D0E-BF35-F5B2E048088B}
	EndGlobalSection
EndGlobal
